// !$*UTF8*$!
{
	archiveVersion = 1;
	classes = {
	};
	objectVersion = 50;
	objects = {

/* Begin PBXBuildFile section */
		1D1A16F0237304CB0034EABD /* DateViewController.swift in Sources */ = {isa = PBXBuildFile; fileRef = 1D1A16EF237304CB0034EABD /* DateViewController.swift */; };
		1D1A16FD2378D0900034EABD /* ContactsTableViewController.swift in Sources */ = {isa = PBXBuildFile; fileRef = 1D1A16FC2378D0900034EABD /* ContactsTableViewController.swift */; };
		1D268DAC237249D000473302 /* MyContactListModel.xcdatamodeld in Sources */ = {isa = PBXBuildFile; fileRef = 1D268DAA237249D000473302 /* MyContactListModel.xcdatamodeld */; };
		1DA6D0582381D6F30031ECF0 /* LocationDemoViewController.swift in Sources */ = {isa = PBXBuildFile; fileRef = 1DA6D0572381D6F30031ECF0 /* LocationDemoViewController.swift */; };
		DE1F3E10236E3E4700469359 /* AppDelegate.swift in Sources */ = {isa = PBXBuildFile; fileRef = DE1F3E0F236E3E4700469359 /* AppDelegate.swift */; };
		DE1F3E12236E3E4700469359 /* SceneDelegate.swift in Sources */ = {isa = PBXBuildFile; fileRef = DE1F3E11236E3E4700469359 /* SceneDelegate.swift */; };
		DE1F3E14236E3E4700469359 /* ContactsViewController.swift in Sources */ = {isa = PBXBuildFile; fileRef = DE1F3E13236E3E4700469359 /* ContactsViewController.swift */; };
		DE1F3E16236E3E4700469359 /* MapViewController.swift in Sources */ = {isa = PBXBuildFile; fileRef = DE1F3E15236E3E4700469359 /* MapViewController.swift */; };
		DE1F3E19236E3E4700469359 /* Main.storyboard in Resources */ = {isa = PBXBuildFile; fileRef = DE1F3E17236E3E4700469359 /* Main.storyboard */; };
		DE1F3E1B236E3E4800469359 /* Assets.xcassets in Resources */ = {isa = PBXBuildFile; fileRef = DE1F3E1A236E3E4800469359 /* Assets.xcassets */; };
		DE1F3E1E236E3E4800469359 /* LaunchScreen.storyboard in Resources */ = {isa = PBXBuildFile; fileRef = DE1F3E1C236E3E4800469359 /* LaunchScreen.storyboard */; };
		DE1F3E29236E3E4800469359 /* Myles_Contact_ListTests.swift in Sources */ = {isa = PBXBuildFile; fileRef = DE1F3E28236E3E4800469359 /* Myles_Contact_ListTests.swift */; };
		DE1F3E34236E416500469359 /* SettingsViewController.swift in Sources */ = {isa = PBXBuildFile; fileRef = DE1F3E33236E416500469359 /* SettingsViewController.swift */; };
		DEEF488C2371A26A00B3E210 /* Constants.swift in Sources */ = {isa = PBXBuildFile; fileRef = DEEF488B2371A26A00B3E210 /* Constants.swift */; };
/* End PBXBuildFile section */

/* Begin PBXContainerItemProxy section */
		DE1F3E25236E3E4800469359 /* PBXContainerItemProxy */ = {
			isa = PBXContainerItemProxy;
			containerPortal = DE1F3E04236E3E4700469359 /* Project object */;
			proxyType = 1;
			remoteGlobalIDString = DE1F3E0B236E3E4700469359;
			remoteInfo = "Myles Contact List";
		};
/* End PBXContainerItemProxy section */

/* Begin PBXFileReference section */
		1D1A16EF237304CB0034EABD /* DateViewController.swift */ = {isa = PBXFileReference; lastKnownFileType = sourcecode.swift; path = DateViewController.swift; sourceTree = "<group>"; };
		1D1A16FC2378D0900034EABD /* ContactsTableViewController.swift */ = {isa = PBXFileReference; lastKnownFileType = sourcecode.swift; path = ContactsTableViewController.swift; sourceTree = "<group>"; };
		1D268DAB237249D000473302 /* MyContactListModel.xcdatamodel */ = {isa = PBXFileReference; lastKnownFileType = wrapper.xcdatamodel; path = MyContactListModel.xcdatamodel; sourceTree = "<group>"; };
		1DA6D0572381D6F30031ECF0 /* LocationDemoViewController.swift */ = {isa = PBXFileReference; lastKnownFileType = sourcecode.swift; path = LocationDemoViewController.swift; sourceTree = "<group>"; };
		DE1F3E0C236E3E4700469359 /* Myles Contact List.app */ = {isa = PBXFileReference; explicitFileType = wrapper.application; includeInIndex = 0; path = "Myles Contact List.app"; sourceTree = BUILT_PRODUCTS_DIR; };
		DE1F3E0F236E3E4700469359 /* AppDelegate.swift */ = {isa = PBXFileReference; lastKnownFileType = sourcecode.swift; path = AppDelegate.swift; sourceTree = "<group>"; };
		DE1F3E11236E3E4700469359 /* SceneDelegate.swift */ = {isa = PBXFileReference; lastKnownFileType = sourcecode.swift; path = SceneDelegate.swift; sourceTree = "<group>"; };
		DE1F3E13236E3E4700469359 /* ContactsViewController.swift */ = {isa = PBXFileReference; lastKnownFileType = sourcecode.swift; path = ContactsViewController.swift; sourceTree = "<group>"; };
		DE1F3E15236E3E4700469359 /* MapViewController.swift */ = {isa = PBXFileReference; lastKnownFileType = sourcecode.swift; path = MapViewController.swift; sourceTree = "<group>"; };
		DE1F3E18236E3E4700469359 /* Base */ = {isa = PBXFileReference; lastKnownFileType = file.storyboard; name = Base; path = Base.lproj/Main.storyboard; sourceTree = "<group>"; };
		DE1F3E1A236E3E4800469359 /* Assets.xcassets */ = {isa = PBXFileReference; lastKnownFileType = folder.assetcatalog; path = Assets.xcassets; sourceTree = "<group>"; };
		DE1F3E1D236E3E4800469359 /* Base */ = {isa = PBXFileReference; lastKnownFileType = file.storyboard; name = Base; path = Base.lproj/LaunchScreen.storyboard; sourceTree = "<group>"; };
		DE1F3E1F236E3E4800469359 /* Info.plist */ = {isa = PBXFileReference; lastKnownFileType = text.plist.xml; path = Info.plist; sourceTree = "<group>"; };
		DE1F3E24236E3E4800469359 /* Myles Contact ListTests.xctest */ = {isa = PBXFileReference; explicitFileType = wrapper.cfbundle; includeInIndex = 0; path = "Myles Contact ListTests.xctest"; sourceTree = BUILT_PRODUCTS_DIR; };
		DE1F3E28236E3E4800469359 /* Myles_Contact_ListTests.swift */ = {isa = PBXFileReference; lastKnownFileType = sourcecode.swift; path = Myles_Contact_ListTests.swift; sourceTree = "<group>"; };
		DE1F3E2A236E3E4800469359 /* Info.plist */ = {isa = PBXFileReference; lastKnownFileType = text.plist.xml; path = Info.plist; sourceTree = "<group>"; };
		DE1F3E33236E416500469359 /* SettingsViewController.swift */ = {isa = PBXFileReference; lastKnownFileType = sourcecode.swift; path = SettingsViewController.swift; sourceTree = "<group>"; };
		DEEF488B2371A26A00B3E210 /* Constants.swift */ = {isa = PBXFileReference; lastKnownFileType = sourcecode.swift; path = Constants.swift; sourceTree = "<group>"; };
/* End PBXFileReference section */

/* Begin PBXFrameworksBuildPhase section */
		DE1F3E09236E3E4700469359 /* Frameworks */ = {
			isa = PBXFrameworksBuildPhase;
			buildActionMask = 2147483647;
			files = (
			);
			runOnlyForDeploymentPostprocessing = 0;
		};
		DE1F3E21236E3E4800469359 /* Frameworks */ = {
			isa = PBXFrameworksBuildPhase;
			buildActionMask = 2147483647;
			files = (
			);
			runOnlyForDeploymentPostprocessing = 0;
		};
/* End PBXFrameworksBuildPhase section */

/* Begin PBXGroup section */
		DE1F3E03236E3E4700469359 = {
			isa = PBXGroup;
			children = (
				DEEF488B2371A26A00B3E210 /* Constants.swift */,
				DE1F3E0E236E3E4700469359 /* Myles Contact List */,
				DE1F3E27236E3E4800469359 /* Myles Contact ListTests */,
				DE1F3E0D236E3E4700469359 /* Products */,
			);
			sourceTree = "<group>";
		};
		DE1F3E0D236E3E4700469359 /* Products */ = {
			isa = PBXGroup;
			children = (
				DE1F3E0C236E3E4700469359 /* Myles Contact List.app */,
				DE1F3E24236E3E4800469359 /* Myles Contact ListTests.xctest */,
			);
			name = Products;
			sourceTree = "<group>";
		};
		DE1F3E0E236E3E4700469359 /* Myles Contact List */ = {
			isa = PBXGroup;
			children = (
				DE1F3E0F236E3E4700469359 /* AppDelegate.swift */,
				1D268DAA237249D000473302 /* MyContactListModel.xcdatamodeld */,
				DE1F3E11236E3E4700469359 /* SceneDelegate.swift */,
				DE1F3E13236E3E4700469359 /* ContactsViewController.swift */,
				1DA6D0572381D6F30031ECF0 /* LocationDemoViewController.swift */,
				1D1A16EF237304CB0034EABD /* DateViewController.swift */,
				DE1F3E15236E3E4700469359 /* MapViewController.swift */,
				DE1F3E17236E3E4700469359 /* Main.storyboard */,
				1D1A16FC2378D0900034EABD /* ContactsTableViewController.swift */,
				DE1F3E1A236E3E4800469359 /* Assets.xcassets */,
				DE1F3E1C236E3E4800469359 /* LaunchScreen.storyboard */,
				DE1F3E1F236E3E4800469359 /* Info.plist */,
				DE1F3E33236E416500469359 /* SettingsViewController.swift */,
			);
			path = "Myles Contact List";
			sourceTree = "<group>";
		};
		DE1F3E27236E3E4800469359 /* Myles Contact ListTests */ = {
			isa = PBXGroup;
			children = (
				DE1F3E28236E3E4800469359 /* Myles_Contact_ListTests.swift */,
				DE1F3E2A236E3E4800469359 /* Info.plist */,
			);
			path = "Myles Contact ListTests";
			sourceTree = "<group>";
		};
/* End PBXGroup section */

/* Begin PBXNativeTarget section */
		DE1F3E0B236E3E4700469359 /* Myles Contact List */ = {
			isa = PBXNativeTarget;
			buildConfigurationList = DE1F3E2D236E3E4800469359 /* Build configuration list for PBXNativeTarget "Myles Contact List" */;
			buildPhases = (
				DE1F3E08236E3E4700469359 /* Sources */,
				DE1F3E09236E3E4700469359 /* Frameworks */,
				DE1F3E0A236E3E4700469359 /* Resources */,
			);
			buildRules = (
			);
			dependencies = (
			);
			name = "Myles Contact List";
			productName = "Myles Contact List";
			productReference = DE1F3E0C236E3E4700469359 /* Myles Contact List.app */;
			productType = "com.apple.product-type.application";
		};
		DE1F3E23236E3E4800469359 /* Myles Contact ListTests */ = {
			isa = PBXNativeTarget;
			buildConfigurationList = DE1F3E30236E3E4800469359 /* Build configuration list for PBXNativeTarget "Myles Contact ListTests" */;
			buildPhases = (
				DE1F3E20236E3E4800469359 /* Sources */,
				DE1F3E21236E3E4800469359 /* Frameworks */,
				DE1F3E22236E3E4800469359 /* Resources */,
			);
			buildRules = (
			);
			dependencies = (
				DE1F3E26236E3E4800469359 /* PBXTargetDependency */,
			);
			name = "Myles Contact ListTests";
			productName = "Myles Contact ListTests";
			productReference = DE1F3E24236E3E4800469359 /* Myles Contact ListTests.xctest */;
			productType = "com.apple.product-type.bundle.unit-test";
		};
/* End PBXNativeTarget section */

/* Begin PBXProject section */
		DE1F3E04236E3E4700469359 /* Project object */ = {
			isa = PBXProject;
			attributes = {
				LastSwiftUpdateCheck = 1120;
				LastUpgradeCheck = 1120;
				ORGANIZATIONNAME = "Myles Young";
				TargetAttributes = {
					DE1F3E0B236E3E4700469359 = {
						CreatedOnToolsVersion = 11.2;
					};
					DE1F3E23236E3E4800469359 = {
						CreatedOnToolsVersion = 11.2;
						TestTargetID = DE1F3E0B236E3E4700469359;
					};
				};
			};
			buildConfigurationList = DE1F3E07236E3E4700469359 /* Build configuration list for PBXProject "Myles Contact List" */;
			compatibilityVersion = "Xcode 9.3";
			developmentRegion = en;
			hasScannedForEncodings = 0;
			knownRegions = (
				en,
				Base,
			);
			mainGroup = DE1F3E03236E3E4700469359;
			productRefGroup = DE1F3E0D236E3E4700469359 /* Products */;
			projectDirPath = "";
			projectRoot = "";
			targets = (
				DE1F3E0B236E3E4700469359 /* Myles Contact List */,
				DE1F3E23236E3E4800469359 /* Myles Contact ListTests */,
			);
		};
/* End PBXProject section */

/* Begin PBXResourcesBuildPhase section */
		DE1F3E0A236E3E4700469359 /* Resources */ = {
			isa = PBXResourcesBuildPhase;
			buildActionMask = 2147483647;
			files = (
				DE1F3E1E236E3E4800469359 /* LaunchScreen.storyboard in Resources */,
				DE1F3E1B236E3E4800469359 /* Assets.xcassets in Resources */,
				DE1F3E19236E3E4700469359 /* Main.storyboard in Resources */,
			);
			runOnlyForDeploymentPostprocessing = 0;
		};
		DE1F3E22236E3E4800469359 /* Resources */ = {
			isa = PBXResourcesBuildPhase;
			buildActionMask = 2147483647;
			files = (
			);
			runOnlyForDeploymentPostprocessing = 0;
		};
/* End PBXResourcesBuildPhase section */

/* Begin PBXSourcesBuildPhase section */
		DE1F3E08236E3E4700469359 /* Sources */ = {
			isa = PBXSourcesBuildPhase;
			buildActionMask = 2147483647;
			files = (
				1D1A16F0237304CB0034EABD /* DateViewController.swift in Sources */,
				DE1F3E16236E3E4700469359 /* MapViewController.swift in Sources */,
				DEEF488C2371A26A00B3E210 /* Constants.swift in Sources */,
				DE1F3E14236E3E4700469359 /* ContactsViewController.swift in Sources */,
				DE1F3E10236E3E4700469359 /* AppDelegate.swift in Sources */,
				DE1F3E34236E416500469359 /* SettingsViewController.swift in Sources */,
				1DA6D0582381D6F30031ECF0 /* LocationDemoViewController.swift in Sources */,
				DE1F3E12236E3E4700469359 /* SceneDelegate.swift in Sources */,
				1D268DAC237249D000473302 /* MyContactListModel.xcdatamodeld in Sources */,
				1D1A16FD2378D0900034EABD /* ContactsTableViewController.swift in Sources */,
			);
			runOnlyForDeploymentPostprocessing = 0;
		};
		DE1F3E20236E3E4800469359 /* Sources */ = {
			isa = PBXSourcesBuildPhase;
			buildActionMask = 2147483647;
			files = (
				DE1F3E29236E3E4800469359 /* Myles_Contact_ListTests.swift in Sources */,
			);
			runOnlyForDeploymentPostprocessing = 0;
		};
/* End PBXSourcesBuildPhase section */

/* Begin PBXTargetDependency section */
		DE1F3E26236E3E4800469359 /* PBXTargetDependency */ = {
			isa = PBXTargetDependency;
			target = DE1F3E0B236E3E4700469359 /* Myles Contact List */;
			targetProxy = DE1F3E25236E3E4800469359 /* PBXContainerItemProxy */;
		};
/* End PBXTargetDependency section */

/* Begin PBXVariantGroup section */
		DE1F3E17236E3E4700469359 /* Main.storyboard */ = {
			isa = PBXVariantGroup;
			children = (
				DE1F3E18236E3E4700469359 /* Base */,
			);
			name = Main.storyboard;
			sourceTree = "<group>";
		};
		DE1F3E1C236E3E4800469359 /* LaunchScreen.storyboard */ = {
			isa = PBXVariantGroup;
			children = (
				DE1F3E1D236E3E4800469359 /* Base */,
			);
			name = LaunchScreen.storyboard;
			sourceTree = "<group>";
		};
/* End PBXVariantGroup section */

/* Begin XCBuildConfiguration section */
		DE1F3E2B236E3E4800469359 /* Debug */ = {
			isa = XCBuildConfiguration;
			buildSettings = {
				ALWAYS_SEARCH_USER_PATHS = NO;
				CLANG_ANALYZER_NONNULL = YES;
				CLANG_ANALYZER_NUMBER_OBJECT_CONVERSION = YES_AGGRESSIVE;
				CLANG_CXX_LANGUAGE_STANDARD = "gnu++14";
				CLANG_CXX_LIBRARY = "libc++";
				CLANG_ENABLE_MODULES = YES;
				CLANG_ENABLE_OBJC_ARC = YES;
				CLANG_ENABLE_OBJC_WEAK = YES;
				CLANG_WARN_BLOCK_CAPTURE_AUTORELEASING = YES;
				CLANG_WARN_BOOL_CONVERSION = YES;
				CLANG_WARN_COMMA = YES;
				CLANG_WARN_CONSTANT_CONVERSION = YES;
				CLANG_WARN_DEPRECATED_OBJC_IMPLEMENTATIONS = YES;
				CLANG_WARN_DIRECT_OBJC_ISA_USAGE = YES_ERROR;
				CLANG_WARN_DOCUMENTATION_COMMENTS = YES;
				CLANG_WARN_EMPTY_BODY = YES;
				CLANG_WARN_ENUM_CONVERSION = YES;
				CLANG_WARN_INFINITE_RECURSION = YES;
				CLANG_WARN_INT_CONVERSION = YES;
				CLANG_WARN_NON_LITERAL_NULL_CONVERSION = YES;
				CLANG_WARN_OBJC_IMPLICIT_RETAIN_SELF = YES;
				CLANG_WARN_OBJC_LITERAL_CONVERSION = YES;
				CLANG_WARN_OBJC_ROOT_CLASS = YES_ERROR;
				CLANG_WARN_RANGE_LOOP_ANALYSIS = YES;
				CLANG_WARN_STRICT_PROTOTYPES = YES;
				CLANG_WARN_SUSPICIOUS_MOVE = YES;
				CLANG_WARN_UNGUARDED_AVAILABILITY = YES_AGGRESSIVE;
				CLANG_WARN_UNREACHABLE_CODE = YES;
				CLANG_WARN__DUPLICATE_METHOD_MATCH = YES;
				COPY_PHASE_STRIP = NO;
				DEBUG_INFORMATION_FORMAT = dwarf;
				ENABLE_STRICT_OBJC_MSGSEND = YES;
				ENABLE_TESTABILITY = YES;
				GCC_C_LANGUAGE_STANDARD = gnu11;
				GCC_DYNAMIC_NO_PIC = NO;
				GCC_NO_COMMON_BLOCKS = YES;
				GCC_OPTIMIZATION_LEVEL = 0;
				GCC_PREPROCESSOR_DEFINITIONS = (
					"DEBUG=1",
					"$(inherited)",
				);
				GCC_WARN_64_TO_32_BIT_CONVERSION = YES;
				GCC_WARN_ABOUT_RETURN_TYPE = YES_ERROR;
				GCC_WARN_UNDECLARED_SELECTOR = YES;
				GCC_WARN_UNINITIALIZED_AUTOS = YES_AGGRESSIVE;
				GCC_WARN_UNUSED_FUNCTION = YES;
				GCC_WARN_UNUSED_VARIABLE = YES;
				IPHONEOS_DEPLOYMENT_TARGET = 13.2;
				MTL_ENABLE_DEBUG_INFO = INCLUDE_SOURCE;
				MTL_FAST_MATH = YES;
				ONLY_ACTIVE_ARCH = YES;
				SDKROOT = iphoneos;
				SWIFT_ACTIVE_COMPILATION_CONDITIONS = DEBUG;
				SWIFT_OPTIMIZATION_LEVEL = "-Onone";
			};
			name = Debug;
		};
		DE1F3E2C236E3E4800469359 /* Release */ = {
			isa = XCBuildConfiguration;
			buildSettings = {
				ALWAYS_SEARCH_USER_PATHS = NO;
				CLANG_ANALYZER_NONNULL = YES;
				CLANG_ANALYZER_NUMBER_OBJECT_CONVERSION = YES_AGGRESSIVE;
				CLANG_CXX_LANGUAGE_STANDARD = "gnu++14";
				CLANG_CXX_LIBRARY = "libc++";
				CLANG_ENABLE_MODULES = YES;
				CLANG_ENABLE_OBJC_ARC = YES;
				CLANG_ENABLE_OBJC_WEAK = YES;
				CLANG_WARN_BLOCK_CAPTURE_AUTORELEASING = YES;
				CLANG_WARN_BOOL_CONVERSION = YES;
				CLANG_WARN_COMMA = YES;
				CLANG_WARN_CONSTANT_CONVERSION = YES;
				CLANG_WARN_DEPRECATED_OBJC_IMPLEMENTATIONS = YES;
				CLANG_WARN_DIRECT_OBJC_ISA_USAGE = YES_ERROR;
				CLANG_WARN_DOCUMENTATION_COMMENTS = YES;
				CLANG_WARN_EMPTY_BODY = YES;
				CLANG_WARN_ENUM_CONVERSION = YES;
				CLANG_WARN_INFINITE_RECURSION = YES;
				CLANG_WARN_INT_CONVERSION = YES;
				CLANG_WARN_NON_LITERAL_NULL_CONVERSION = YES;
				CLANG_WARN_OBJC_IMPLICIT_RETAIN_SELF = YES;
				CLANG_WARN_OBJC_LITERAL_CONVERSION = YES;
				CLANG_WARN_OBJC_ROOT_CLASS = YES_ERROR;
				CLANG_WARN_RANGE_LOOP_ANALYSIS = YES;
				CLANG_WARN_STRICT_PROTOTYPES = YES;
				CLANG_WARN_SUSPICIOUS_MOVE = YES;
				CLANG_WARN_UNGUARDED_AVAILABILITY = YES_AGGRESSIVE;
				CLANG_WARN_UNREACHABLE_CODE = YES;
				CLANG_WARN__DUPLICATE_METHOD_MATCH = YES;
				COPY_PHASE_STRIP = NO;
				DEBUG_INFORMATION_FORMAT = "dwarf-with-dsym";
				ENABLE_NS_ASSERTIONS = NO;
				ENABLE_STRICT_OBJC_MSGSEND = YES;
				GCC_C_LANGUAGE_STANDARD = gnu11;
				GCC_NO_COMMON_BLOCKS = YES;
				GCC_WARN_64_TO_32_BIT_CONVERSION = YES;
				GCC_WARN_ABOUT_RETURN_TYPE = YES_ERROR;
				GCC_WARN_UNDECLARED_SELECTOR = YES;
				GCC_WARN_UNINITIALIZED_AUTOS = YES_AGGRESSIVE;
				GCC_WARN_UNUSED_FUNCTION = YES;
				GCC_WARN_UNUSED_VARIABLE = YES;
				IPHONEOS_DEPLOYMENT_TARGET = 13.2;
				MTL_ENABLE_DEBUG_INFO = NO;
				MTL_FAST_MATH = YES;
				SDKROOT = iphoneos;
				SWIFT_COMPILATION_MODE = wholemodule;
				SWIFT_OPTIMIZATION_LEVEL = "-O";
				VALIDATE_PRODUCT = YES;
			};
			name = Release;
		};
		DE1F3E2E236E3E4800469359 /* Debug */ = {
			isa = XCBuildConfiguration;
			buildSettings = {
				ASSETCATALOG_COMPILER_APPICON_NAME = AppIcon;
				CODE_SIGN_STYLE = Automatic;
				DEVELOPMENT_TEAM = J4HP4VF87A;
				INFOPLIST_FILE = "Myles Contact List/Info.plist";
				IPHONEOS_DEPLOYMENT_TARGET = 13.0;
				LD_RUNPATH_SEARCH_PATHS = (
					"$(inherited)",
					"@executable_path/Frameworks",
				);
				PRODUCT_BUNDLE_IDENTIFIER = "Myles.Myles-Contact-List";
				PRODUCT_NAME = "$(TARGET_NAME)";
				SWIFT_VERSION = 5.0;
				TARGETED_DEVICE_FAMILY = "1,2";
			};
			name = Debug;
		};
		DE1F3E2F236E3E4800469359 /* Release */ = {
			isa = XCBuildConfiguration;
			buildSettings = {
				ASSETCATALOG_COMPILER_APPICON_NAME = AppIcon;
				CODE_SIGN_STYLE = Automatic;
				DEVELOPMENT_TEAM = J4HP4VF87A;
				INFOPLIST_FILE = "Myles Contact List/Info.plist";
				IPHONEOS_DEPLOYMENT_TARGET = 13.0;
				LD_RUNPATH_SEARCH_PATHS = (
					"$(inherited)",
					"@executable_path/Frameworks",
				);
				PRODUCT_BUNDLE_IDENTIFIER = "Myles.Myles-Contact-List";
				PRODUCT_NAME = "$(TARGET_NAME)";
				SWIFT_VERSION = 5.0;
				TARGETED_DEVICE_FAMILY = "1,2";
			};
			name = Release;
		};
		DE1F3E31236E3E4800469359 /* Debug */ = {
			isa = XCBuildConfiguration;
			buildSettings = {
				ALWAYS_EMBED_SWIFT_STANDARD_LIBRARIES = YES;
				BUNDLE_LOADER = "$(TEST_HOST)";
				CODE_SIGN_STYLE = Automatic;
				DEVELOPMENT_TEAM = J4HP4VF87A;
				INFOPLIST_FILE = "Myles Contact ListTests/Info.plist";
				IPHONEOS_DEPLOYMENT_TARGET = 13.2;
				LD_RUNPATH_SEARCH_PATHS = (
					"$(inherited)",
					"@executable_path/Frameworks",
					"@loader_path/Frameworks",
				);
				PRODUCT_BUNDLE_IDENTIFIER = "Myles.Myles-Contact-ListTests";
				PRODUCT_NAME = "$(TARGET_NAME)";
				SWIFT_VERSION = 5.0;
				TARGETED_DEVICE_FAMILY = "1,2";
				TEST_HOST = "$(BUILT_PRODUCTS_DIR)/Myles Contact List.app/Myles Contact List";
			};
			name = Debug;
		};
		DE1F3E32236E3E4800469359 /* Release */ = {
			isa = XCBuildConfiguration;
			buildSettings = {
				ALWAYS_EMBED_SWIFT_STANDARD_LIBRARIES = YES;
				BUNDLE_LOADER = "$(TEST_HOST)";
				CODE_SIGN_STYLE = Automatic;
				DEVELOPMENT_TEAM = J4HP4VF87A;
				INFOPLIST_FILE = "Myles Contact ListTests/Info.plist";
				IPHONEOS_DEPLOYMENT_TARGET = 13.2;
				LD_RUNPATH_SEARCH_PATHS = (
					"$(inherited)",
					"@executable_path/Frameworks",
					"@loader_path/Frameworks",
				);
				PRODUCT_BUNDLE_IDENTIFIER = "Myles.Myles-Contact-ListTests";
				PRODUCT_NAME = "$(TARGET_NAME)";
				SWIFT_VERSION = 5.0;
				TARGETED_DEVICE_FAMILY = "1,2";
				TEST_HOST = "$(BUILT_PRODUCTS_DIR)/Myles Contact List.app/Myles Contact List";
			};
			name = Release;
		};
/* End XCBuildConfiguration section */

/* Begin XCConfigurationList section */
		DE1F3E07236E3E4700469359 /* Build configuration list for PBXProject "Myles Contact List" */ = {
			isa = XCConfigurationList;
			buildConfigurations = (
				DE1F3E2B236E3E4800469359 /* Debug */,
				DE1F3E2C236E3E4800469359 /* Release */,
			);
			defaultConfigurationIsVisible = 0;
			defaultConfigurationName = Release;
		};
		DE1F3E2D236E3E4800469359 /* Build configuration list for PBXNativeTarget "Myles Contact List" */ = {
			isa = XCConfigurationList;
			buildConfigurations = (
				DE1F3E2E236E3E4800469359 /* Debug */,
				DE1F3E2F236E3E4800469359 /* Release */,
			);
			defaultConfigurationIsVisible = 0;
			defaultConfigurationName = Release;
		};
		DE1F3E30236E3E4800469359 /* Build configuration list for PBXNativeTarget "Myles Contact ListTests" */ = {
			isa = XCConfigurationList;
			buildConfigurations = (
				DE1F3E31236E3E4800469359 /* Debug */,
				DE1F3E32236E3E4800469359 /* Release */,
			);
			defaultConfigurationIsVisible = 0;
			defaultConfigurationName = Release;
		};
/* End XCConfigurationList section */

/* Begin XCVersionGroup section */
		1D268DAA237249D000473302 /* MyContactListModel.xcdatamodeld */ = {
			isa = XCVersionGroup;
			children = (
				1D268DAB237249D000473302 /* MyContactListModel.xcdatamodel */,
			);
			currentVersion = 1D268DAB237249D000473302 /* MyContactListModel.xcdatamodel */;
			path = MyContactListModel.xcdatamodeld;
			sourceTree = "<group>";
			versionGroupType = wrapper.xcdatamodel;
		};
/* End XCVersionGroup section */
	};
	rootObject = DE1F3E04236E3E4700469359 /* Project object */;
}
